
Microsoft Visual Studio Solution File, Format Version 12.00
# Visual Studio Version 16
VisualStudioVersion = 16.0.29424.173
MinimumVisualStudioVersion = 10.0.40219.1
Project("{9A19103F-16F7-4668-BE54-9A1E7A4F7556}") = "AcmeWidgetCompanyEmployeeActivity", "AcmeWidgetCompanyEmployeeActivity\AcmeWidgetCompanyEmployeeActivity.csproj", "{0C0D32A4-EB39-4554-B7B8-1ED7015FB0AE}"
EndProject
Project("{9A19103F-16F7-4668-BE54-9A1E7A4F7556}") = "AcmeWidgetUI", "AcmeWidgetUI\AcmeWidgetUI.csproj", "{64D36CDB-0499-47E7-9669-89623CAC82BE}"
EndProject
Project("{9A19103F-16F7-4668-BE54-9A1E7A4F7556}") = "AcmeWidgetBusinessModels", "AcmeWidgetBusinessModels\AcmeWidgetBusinessModels.csproj", "{86548788-935A-4026-AF4F-925085E18ADD}"
EndProject
Project("{9A19103F-16F7-4668-BE54-9A1E7A4F7556}") = "AcmeWidget.Tests", "AcmeWidget.Tests\AcmeWidget.Tests.csproj", "{C061F006-177F-458C-A65B-4F5451D80062}"
EndProject
Global
	GlobalSection(SolutionConfigurationPlatforms) = preSolution
		Debug|Any CPU = Debug|Any CPU
		Release|Any CPU = Release|Any CPU
	EndGlobalSection
	GlobalSection(ProjectConfigurationPlatforms) = postSolution
		{0C0D32A4-EB39-4554-B7B8-1ED7015FB0AE}.Debug|Any CPU.ActiveCfg = Debug|Any CPU
		{0C0D32A4-EB39-4554-B7B8-1ED7015FB0AE}.Debug|Any CPU.Build.0 = Debug|Any CPU
		{0C0D32A4-EB39-4554-B7B8-1ED7015FB0AE}.Release|Any CPU.ActiveCfg = Release|Any CPU
		{0C0D32A4-EB39-4554-B7B8-1ED7015FB0AE}.Release|Any CPU.Build.0 = Release|Any CPU
		{64D36CDB-0499-47E7-9669-89623CAC82BE}.Debug|Any CPU.ActiveCfg = Debug|Any CPU
		{64D36CDB-0499-47E7-9669-89623CAC82BE}.Debug|Any CPU.Build.0 = Debug|Any CPU
		{64D36CDB-0499-47E7-9669-89623CAC82BE}.Release|Any CPU.ActiveCfg = Release|Any CPU
		{64D36CDB-0499-47E7-9669-89623CAC82BE}.Release|Any CPU.Build.0 = Release|Any CPU
		{86548788-935A-4026-AF4F-925085E18ADD}.Debug|Any CPU.ActiveCfg = Debug|Any CPU
		{86548788-935A-4026-AF4F-925085E18ADD}.Debug|Any CPU.Build.0 = Debug|Any CPU
		{86548788-935A-4026-AF4F-925085E18ADD}.Release|Any CPU.ActiveCfg = Release|Any CPU
		{86548788-935A-4026-AF4F-925085E18ADD}.Release|Any CPU.Build.0 = Release|Any CPU
		{C061F006-177F-458C-A65B-4F5451D80062}.Debug|Any CPU.ActiveCfg = Debug|Any CPU
		{C061F006-177F-458C-A65B-4F5451D80062}.Debug|Any CPU.Build.0 = Debug|Any CPU
		{C061F006-177F-458C-A65B-4F5451D80062}.Release|Any CPU.ActiveCfg = Release|Any CPU
		{C061F006-177F-458C-A65B-4F5451D80062}.Release|Any CPU.Build.0 = Release|Any CPU
	EndGlobalSection
	GlobalSection(SolutionProperties) = preSolution
		HideSolutionNode = FALSE
	EndGlobalSection
	GlobalSection(ExtensibilityGlobals) = postSolution
		SolutionGuid = {58BB82A0-239A-469D-8C4F-B0517B66FC43}
	EndGlobalSection
EndGlobal
